// !$*UTF8*$!
{
	archiveVersion = 1;
	classes = {
	};
	objectVersion = 46;
	objects = {

/* Begin PBXBuildFile section */
		3534F53169B07739102651E6 /* Pods_TeamERP_DEMOUITests.framework in Frameworks */ = {isa = PBXBuildFile; fileRef = F096D728216D83B9D03B315E /* Pods_TeamERP_DEMOUITests.framework */; };
		6EA80D363E0D787844CC2F91 /* Pods_TeamERP_DEMO.framework in Frameworks */ = {isa = PBXBuildFile; fileRef = 5467B9E46D93F6B761CAB3ED /* Pods_TeamERP_DEMO.framework */; };
		B3837503BC661CC5A8474B0E /* Pods_TeamERP_DEMOTests.framework in Frameworks */ = {isa = PBXBuildFile; fileRef = FE748BC0736884F6389956A4 /* Pods_TeamERP_DEMOTests.framework */; };
		EA1929C41F25B32500652A56 /* ViewButton.swift in Sources */ = {isa = PBXBuildFile; fileRef = EA1929C31F25B32500652A56 /* ViewButton.swift */; };
		EA1929C81F25C26900652A56 /* AcountsViewController.swift in Sources */ = {isa = PBXBuildFile; fileRef = EA1929C71F25C26900652A56 /* AcountsViewController.swift */; };
		EA1929CC1F25C60000652A56 /* AccountManipulation.swift in Sources */ = {isa = PBXBuildFile; fileRef = EA1929CA1F25C60000652A56 /* AccountManipulation.swift */; };
		EA1929CD1F25C60000652A56 /* AccountManipulation.xib in Resources */ = {isa = PBXBuildFile; fileRef = EA1929CB1F25C60000652A56 /* AccountManipulation.xib */; };
		EA1929D01F25C88E00652A56 /* ViewMains.swift in Sources */ = {isa = PBXBuildFile; fileRef = EA1929CF1F25C88E00652A56 /* ViewMains.swift */; };
		EA1929D51F25DC8D00652A56 /* Services.swift in Sources */ = {isa = PBXBuildFile; fileRef = EA1929D21F25DC8D00652A56 /* Services.swift */; };
		EA1929D61F25DC8D00652A56 /* ServicesConfig.swift in Sources */ = {isa = PBXBuildFile; fileRef = EA1929D31F25DC8D00652A56 /* ServicesConfig.swift */; };
		EA1929D71F25DC8D00652A56 /* ServicesFunction.swift in Sources */ = {isa = PBXBuildFile; fileRef = EA1929D41F25DC8D00652A56 /* ServicesFunction.swift */; };
		EA1929DA1F25DF8600652A56 /* Mi.swift in Sources */ = {isa = PBXBuildFile; fileRef = EA1929D91F25DF8600652A56 /* Mi.swift */; };
		EA1929DD1F25E02500652A56 /* RegisterModel.swift in Sources */ = {isa = PBXBuildFile; fileRef = EA1929DC1F25E02500652A56 /* RegisterModel.swift */; };
		EA1929DF1F25E07000652A56 /* ERequest.swift in Sources */ = {isa = PBXBuildFile; fileRef = EA1929DE1F25E07000652A56 /* ERequest.swift */; };
		EA29F10F1F20E90C0020AAF4 /* AppDelegate.swift in Sources */ = {isa = PBXBuildFile; fileRef = EA29F10E1F20E90C0020AAF4 /* AppDelegate.swift */; };
		EA29F1111F20E90C0020AAF4 /* ViewController.swift in Sources */ = {isa = PBXBuildFile; fileRef = EA29F1101F20E90C0020AAF4 /* ViewController.swift */; };
		EA29F1141F20E90C0020AAF4 /* Main.storyboard in Resources */ = {isa = PBXBuildFile; fileRef = EA29F1121F20E90C0020AAF4 /* Main.storyboard */; };
		EA29F1161F20E90C0020AAF4 /* Assets.xcassets in Resources */ = {isa = PBXBuildFile; fileRef = EA29F1151F20E90C0020AAF4 /* Assets.xcassets */; };
		EA29F1191F20E90C0020AAF4 /* LaunchScreen.storyboard in Resources */ = {isa = PBXBuildFile; fileRef = EA29F1171F20E90C0020AAF4 /* LaunchScreen.storyboard */; };
		EA29F1241F20E90C0020AAF4 /* TeamERP_DEMOTests.swift in Sources */ = {isa = PBXBuildFile; fileRef = EA29F1231F20E90C0020AAF4 /* TeamERP_DEMOTests.swift */; };
		EA29F12F1F20E90C0020AAF4 /* TeamERP_DEMOUITests.swift in Sources */ = {isa = PBXBuildFile; fileRef = EA29F12E1F20E90C0020AAF4 /* TeamERP_DEMOUITests.swift */; };
		EA29F1401F20EA160020AAF4 /* MainControllers.swift in Sources */ = {isa = PBXBuildFile; fileRef = EA29F13F1F20EA160020AAF4 /* MainControllers.swift */; };
		EA29F1431F20EA400020AAF4 /* RegisterVC.swift in Sources */ = {isa = PBXBuildFile; fileRef = EA29F1411F20EA400020AAF4 /* RegisterVC.swift */; };
		EA29F1441F20EA400020AAF4 /* RegisterVC.xib in Resources */ = {isa = PBXBuildFile; fileRef = EA29F1421F20EA400020AAF4 /* RegisterVC.xib */; };
		EA29F1481F20EAC30020AAF4 /* TopView.swift in Sources */ = {isa = PBXBuildFile; fileRef = EA29F1471F20EAC30020AAF4 /* TopView.swift */; };
		EA29F14A1F20EAD00020AAF4 /* TopView.xib in Resources */ = {isa = PBXBuildFile; fileRef = EA29F1491F20EAD00020AAF4 /* TopView.xib */; };
		EA29F14E1F20ED600020AAF4 /* LoginVC.swift in Sources */ = {isa = PBXBuildFile; fileRef = EA29F14C1F20ED600020AAF4 /* LoginVC.swift */; };
		EA29F14F1F20ED600020AAF4 /* LoginVC.xib in Resources */ = {isa = PBXBuildFile; fileRef = EA29F14D1F20ED600020AAF4 /* LoginVC.xib */; };
		EA29F1521F20F5490020AAF4 /* NCBaseView.swift in Sources */ = {isa = PBXBuildFile; fileRef = EA29F1511F20F5490020AAF4 /* NCBaseView.swift */; };
		EA2CB3B81F27921C001483B8 /* PopupNotifi.swift in Sources */ = {isa = PBXBuildFile; fileRef = EA2CB3B71F27921C001483B8 /* PopupNotifi.swift */; };
		EA2CB3BA1F279246001483B8 /* PopupNotifi.xib in Resources */ = {isa = PBXBuildFile; fileRef = EA2CB3B91F279246001483B8 /* PopupNotifi.xib */; };
		EA2CB3BF1F279509001483B8 /* KeyObject.swift in Sources */ = {isa = PBXBuildFile; fileRef = EA2CB3BE1F279509001483B8 /* KeyObject.swift */; };
		EA8463A11F2A4B00009CA3F5 /* MainShopViewController.swift in Sources */ = {isa = PBXBuildFile; fileRef = EA8463A01F2A4B00009CA3F5 /* MainShopViewController.swift */; };
		EA8463A51F2A4B53009CA3F5 /* MainShopCell.swift in Sources */ = {isa = PBXBuildFile; fileRef = EA8463A31F2A4B53009CA3F5 /* MainShopCell.swift */; };
		EA8463A61F2A4B53009CA3F5 /* MainShopCell.xib in Resources */ = {isa = PBXBuildFile; fileRef = EA8463A41F2A4B53009CA3F5 /* MainShopCell.xib */; };
		EA8463AB1F2A4D18009CA3F5 /* Extention+UITableView.swift in Sources */ = {isa = PBXBuildFile; fileRef = EA8463AA1F2A4D18009CA3F5 /* Extention+UITableView.swift */; };
		EA8463AE1F2A4FC6009CA3F5 /* CustomviewCell.swift in Sources */ = {isa = PBXBuildFile; fileRef = EA8463AD1F2A4FC6009CA3F5 /* CustomviewCell.swift */; };
		EA8463B01F2A4FCF009CA3F5 /* CustomviewCell.xib in Resources */ = {isa = PBXBuildFile; fileRef = EA8463AF1F2A4FCF009CA3F5 /* CustomviewCell.xib */; };
		EA929DEF1F2A5832007CAE53 /* TabCell.swift in Sources */ = {isa = PBXBuildFile; fileRef = EA929DEC1F2A5832007CAE53 /* TabCell.swift */; };
		EA929DF01F2A5832007CAE53 /* TabIndicator.swift in Sources */ = {isa = PBXBuildFile; fileRef = EA929DED1F2A5832007CAE53 /* TabIndicator.swift */; };
		EA929DF11F2A5832007CAE53 /* TabItem.swift in Sources */ = {isa = PBXBuildFile; fileRef = EA929DEE1F2A5832007CAE53 /* TabItem.swift */; };
		EA929DF51F2A594B007CAE53 /* Extention+String.swift in Sources */ = {isa = PBXBuildFile; fileRef = EA929DF41F2A594B007CAE53 /* Extention+String.swift */; };
/* End PBXBuildFile section */

/* Begin PBXContainerItemProxy section */
		EA29F1201F20E90C0020AAF4 /* PBXContainerItemProxy */ = {
			isa = PBXContainerItemProxy;
			containerPortal = EA29F1031F20E90C0020AAF4 /* Project object */;
			proxyType = 1;
			remoteGlobalIDString = EA29F10A1F20E90C0020AAF4;
			remoteInfo = TeamERP_DEMO;
		};
		EA29F12B1F20E90C0020AAF4 /* PBXContainerItemProxy */ = {
			isa = PBXContainerItemProxy;
			containerPortal = EA29F1031F20E90C0020AAF4 /* Project object */;
			proxyType = 1;
			remoteGlobalIDString = EA29F10A1F20E90C0020AAF4;
			remoteInfo = TeamERP_DEMO;
		};
/* End PBXContainerItemProxy section */

/* Begin PBXFileReference section */
		15CD59EEDE4ED8D66E9D6B28 /* Pods-TeamERP_DEMOTests.debug.xcconfig */ = {isa = PBXFileReference; includeInIndex = 1; lastKnownFileType = text.xcconfig; name = "Pods-TeamERP_DEMOTests.debug.xcconfig"; path = "Pods/Target Support Files/Pods-TeamERP_DEMOTests/Pods-TeamERP_DEMOTests.debug.xcconfig"; sourceTree = "<group>"; };
		1775C1D85B63E1BAA7945B7C /* Pods-TeamERP_DEMOUITests.debug.xcconfig */ = {isa = PBXFileReference; includeInIndex = 1; lastKnownFileType = text.xcconfig; name = "Pods-TeamERP_DEMOUITests.debug.xcconfig"; path = "Pods/Target Support Files/Pods-TeamERP_DEMOUITests/Pods-TeamERP_DEMOUITests.debug.xcconfig"; sourceTree = "<group>"; };
		5467B9E46D93F6B761CAB3ED /* Pods_TeamERP_DEMO.framework */ = {isa = PBXFileReference; explicitFileType = wrapper.framework; includeInIndex = 0; path = Pods_TeamERP_DEMO.framework; sourceTree = BUILT_PRODUCTS_DIR; };
		86D6F7B619027555F1308A54 /* Pods-TeamERP_DEMO.debug.xcconfig */ = {isa = PBXFileReference; includeInIndex = 1; lastKnownFileType = text.xcconfig; name = "Pods-TeamERP_DEMO.debug.xcconfig"; path = "Pods/Target Support Files/Pods-TeamERP_DEMO/Pods-TeamERP_DEMO.debug.xcconfig"; sourceTree = "<group>"; };
		9EB21AA5D50583B369346E8E /* Pods-TeamERP_DEMOUITests.release.xcconfig */ = {isa = PBXFileReference; includeInIndex = 1; lastKnownFileType = text.xcconfig; name = "Pods-TeamERP_DEMOUITests.release.xcconfig"; path = "Pods/Target Support Files/Pods-TeamERP_DEMOUITests/Pods-TeamERP_DEMOUITests.release.xcconfig"; sourceTree = "<group>"; };
		C4F763504E2653CF4A945EAB /* Pods-TeamERP_DEMO.release.xcconfig */ = {isa = PBXFileReference; includeInIndex = 1; lastKnownFileType = text.xcconfig; name = "Pods-TeamERP_DEMO.release.xcconfig"; path = "Pods/Target Support Files/Pods-TeamERP_DEMO/Pods-TeamERP_DEMO.release.xcconfig"; sourceTree = "<group>"; };
		DDC0320586FDD39E690DD049 /* Pods-TeamERP_DEMOTests.release.xcconfig */ = {isa = PBXFileReference; includeInIndex = 1; lastKnownFileType = text.xcconfig; name = "Pods-TeamERP_DEMOTests.release.xcconfig"; path = "Pods/Target Support Files/Pods-TeamERP_DEMOTests/Pods-TeamERP_DEMOTests.release.xcconfig"; sourceTree = "<group>"; };
		EA1929C31F25B32500652A56 /* ViewButton.swift */ = {isa = PBXFileReference; fileEncoding = 4; lastKnownFileType = sourcecode.swift; path = ViewButton.swift; sourceTree = "<group>"; };
		EA1929C71F25C26900652A56 /* AcountsViewController.swift */ = {isa = PBXFileReference; fileEncoding = 4; lastKnownFileType = sourcecode.swift; path = AcountsViewController.swift; sourceTree = "<group>"; };
		EA1929CA1F25C60000652A56 /* AccountManipulation.swift */ = {isa = PBXFileReference; fileEncoding = 4; lastKnownFileType = sourcecode.swift; path = AccountManipulation.swift; sourceTree = "<group>"; };
		EA1929CB1F25C60000652A56 /* AccountManipulation.xib */ = {isa = PBXFileReference; fileEncoding = 4; lastKnownFileType = file.xib; path = AccountManipulation.xib; sourceTree = "<group>"; };
		EA1929CF1F25C88E00652A56 /* ViewMains.swift */ = {isa = PBXFileReference; fileEncoding = 4; lastKnownFileType = sourcecode.swift; path = ViewMains.swift; sourceTree = "<group>"; };
		EA1929D21F25DC8D00652A56 /* Services.swift */ = {isa = PBXFileReference; fileEncoding = 4; lastKnownFileType = sourcecode.swift; path = Services.swift; sourceTree = "<group>"; };
		EA1929D31F25DC8D00652A56 /* ServicesConfig.swift */ = {isa = PBXFileReference; fileEncoding = 4; lastKnownFileType = sourcecode.swift; path = ServicesConfig.swift; sourceTree = "<group>"; };
		EA1929D41F25DC8D00652A56 /* ServicesFunction.swift */ = {isa = PBXFileReference; fileEncoding = 4; lastKnownFileType = sourcecode.swift; path = ServicesFunction.swift; sourceTree = "<group>"; };
		EA1929D91F25DF8600652A56 /* Mi.swift */ = {isa = PBXFileReference; fileEncoding = 4; lastKnownFileType = sourcecode.swift; path = Mi.swift; sourceTree = "<group>"; };
		EA1929DC1F25E02500652A56 /* RegisterModel.swift */ = {isa = PBXFileReference; fileEncoding = 4; lastKnownFileType = sourcecode.swift; path = RegisterModel.swift; sourceTree = "<group>"; };
		EA1929DE1F25E07000652A56 /* ERequest.swift */ = {isa = PBXFileReference; fileEncoding = 4; lastKnownFileType = sourcecode.swift; path = ERequest.swift; sourceTree = "<group>"; };
		EA29F10B1F20E90C0020AAF4 /* TeamERP_DEMO.app */ = {isa = PBXFileReference; explicitFileType = wrapper.application; includeInIndex = 0; path = TeamERP_DEMO.app; sourceTree = BUILT_PRODUCTS_DIR; };
		EA29F10E1F20E90C0020AAF4 /* AppDelegate.swift */ = {isa = PBXFileReference; lastKnownFileType = sourcecode.swift; path = AppDelegate.swift; sourceTree = "<group>"; };
		EA29F1101F20E90C0020AAF4 /* ViewController.swift */ = {isa = PBXFileReference; lastKnownFileType = sourcecode.swift; path = ViewController.swift; sourceTree = "<group>"; };
		EA29F1131F20E90C0020AAF4 /* Base */ = {isa = PBXFileReference; lastKnownFileType = file.storyboard; name = Base; path = Base.lproj/Main.storyboard; sourceTree = "<group>"; };
		EA29F1151F20E90C0020AAF4 /* Assets.xcassets */ = {isa = PBXFileReference; lastKnownFileType = folder.assetcatalog; path = Assets.xcassets; sourceTree = "<group>"; };
		EA29F1181F20E90C0020AAF4 /* Base */ = {isa = PBXFileReference; lastKnownFileType = file.storyboard; name = Base; path = Base.lproj/LaunchScreen.storyboard; sourceTree = "<group>"; };
		EA29F11A1F20E90C0020AAF4 /* Info.plist */ = {isa = PBXFileReference; lastKnownFileType = text.plist.xml; path = Info.plist; sourceTree = "<group>"; };
		EA29F11F1F20E90C0020AAF4 /* TeamERP_DEMOTests.xctest */ = {isa = PBXFileReference; explicitFileType = wrapper.cfbundle; includeInIndex = 0; path = TeamERP_DEMOTests.xctest; sourceTree = BUILT_PRODUCTS_DIR; };
		EA29F1231F20E90C0020AAF4 /* TeamERP_DEMOTests.swift */ = {isa = PBXFileReference; lastKnownFileType = sourcecode.swift; path = TeamERP_DEMOTests.swift; sourceTree = "<group>"; };
		EA29F1251F20E90C0020AAF4 /* Info.plist */ = {isa = PBXFileReference; lastKnownFileType = text.plist.xml; path = Info.plist; sourceTree = "<group>"; };
		EA29F12A1F20E90C0020AAF4 /* TeamERP_DEMOUITests.xctest */ = {isa = PBXFileReference; explicitFileType = wrapper.cfbundle; includeInIndex = 0; path = TeamERP_DEMOUITests.xctest; sourceTree = BUILT_PRODUCTS_DIR; };
		EA29F12E1F20E90C0020AAF4 /* TeamERP_DEMOUITests.swift */ = {isa = PBXFileReference; lastKnownFileType = sourcecode.swift; path = TeamERP_DEMOUITests.swift; sourceTree = "<group>"; };
		EA29F1301F20E90C0020AAF4 /* Info.plist */ = {isa = PBXFileReference; lastKnownFileType = text.plist.xml; path = Info.plist; sourceTree = "<group>"; };
		EA29F13F1F20EA160020AAF4 /* MainControllers.swift */ = {isa = PBXFileReference; fileEncoding = 4; lastKnownFileType = sourcecode.swift; path = MainControllers.swift; sourceTree = "<group>"; };
		EA29F1411F20EA400020AAF4 /* RegisterVC.swift */ = {isa = PBXFileReference; fileEncoding = 4; lastKnownFileType = sourcecode.swift; path = RegisterVC.swift; sourceTree = "<group>"; };
		EA29F1421F20EA400020AAF4 /* RegisterVC.xib */ = {isa = PBXFileReference; fileEncoding = 4; lastKnownFileType = file.xib; path = RegisterVC.xib; sourceTree = "<group>"; };
		EA29F1471F20EAC30020AAF4 /* TopView.swift */ = {isa = PBXFileReference; fileEncoding = 4; lastKnownFileType = sourcecode.swift; path = TopView.swift; sourceTree = "<group>"; };
		EA29F1491F20EAD00020AAF4 /* TopView.xib */ = {isa = PBXFileReference; fileEncoding = 4; lastKnownFileType = file.xib; path = TopView.xib; sourceTree = "<group>"; };
		EA29F14C1F20ED600020AAF4 /* LoginVC.swift */ = {isa = PBXFileReference; fileEncoding = 4; lastKnownFileType = sourcecode.swift; path = LoginVC.swift; sourceTree = "<group>"; };
		EA29F14D1F20ED600020AAF4 /* LoginVC.xib */ = {isa = PBXFileReference; fileEncoding = 4; lastKnownFileType = file.xib; path = LoginVC.xib; sourceTree = "<group>"; };
		EA29F1511F20F5490020AAF4 /* NCBaseView.swift */ = {isa = PBXFileReference; fileEncoding = 4; lastKnownFileType = sourcecode.swift; path = NCBaseView.swift; sourceTree = "<group>"; };
		EA2CB3B71F27921C001483B8 /* PopupNotifi.swift */ = {isa = PBXFileReference; fileEncoding = 4; lastKnownFileType = sourcecode.swift; path = PopupNotifi.swift; sourceTree = "<group>"; };
		EA2CB3B91F279246001483B8 /* PopupNotifi.xib */ = {isa = PBXFileReference; fileEncoding = 4; lastKnownFileType = file.xib; path = PopupNotifi.xib; sourceTree = "<group>"; };
		EA2CB3BE1F279509001483B8 /* KeyObject.swift */ = {isa = PBXFileReference; fileEncoding = 4; lastKnownFileType = sourcecode.swift; path = KeyObject.swift; sourceTree = "<group>"; };
		EA8463A01F2A4B00009CA3F5 /* MainShopViewController.swift */ = {isa = PBXFileReference; fileEncoding = 4; lastKnownFileType = sourcecode.swift; path = MainShopViewController.swift; sourceTree = "<group>"; };
		EA8463A31F2A4B53009CA3F5 /* MainShopCell.swift */ = {isa = PBXFileReference; fileEncoding = 4; lastKnownFileType = sourcecode.swift; path = MainShopCell.swift; sourceTree = "<group>"; };
		EA8463A41F2A4B53009CA3F5 /* MainShopCell.xib */ = {isa = PBXFileReference; fileEncoding = 4; lastKnownFileType = file.xib; path = MainShopCell.xib; sourceTree = "<group>"; };
		EA8463AA1F2A4D18009CA3F5 /* Extention+UITableView.swift */ = {isa = PBXFileReference; fileEncoding = 4; lastKnownFileType = sourcecode.swift; path = "Extention+UITableView.swift"; sourceTree = "<group>"; };
		EA8463AD1F2A4FC6009CA3F5 /* CustomviewCell.swift */ = {isa = PBXFileReference; fileEncoding = 4; lastKnownFileType = sourcecode.swift; path = CustomviewCell.swift; sourceTree = "<group>"; };
		EA8463AF1F2A4FCF009CA3F5 /* CustomviewCell.xib */ = {isa = PBXFileReference; fileEncoding = 4; lastKnownFileType = file.xib; path = CustomviewCell.xib; sourceTree = "<group>"; };
		EA929DEC1F2A5832007CAE53 /* TabCell.swift */ = {isa = PBXFileReference; fileEncoding = 4; lastKnownFileType = sourcecode.swift; path = TabCell.swift; sourceTree = "<group>"; };
		EA929DED1F2A5832007CAE53 /* TabIndicator.swift */ = {isa = PBXFileReference; fileEncoding = 4; lastKnownFileType = sourcecode.swift; path = TabIndicator.swift; sourceTree = "<group>"; };
		EA929DEE1F2A5832007CAE53 /* TabItem.swift */ = {isa = PBXFileReference; fileEncoding = 4; lastKnownFileType = sourcecode.swift; path = TabItem.swift; sourceTree = "<group>"; };
		EA929DF41F2A594B007CAE53 /* Extention+String.swift */ = {isa = PBXFileReference; fileEncoding = 4; lastKnownFileType = sourcecode.swift; path = "Extention+String.swift"; sourceTree = "<group>"; };
		F096D728216D83B9D03B315E /* Pods_TeamERP_DEMOUITests.framework */ = {isa = PBXFileReference; explicitFileType = wrapper.framework; includeInIndex = 0; path = Pods_TeamERP_DEMOUITests.framework; sourceTree = BUILT_PRODUCTS_DIR; };
		FE748BC0736884F6389956A4 /* Pods_TeamERP_DEMOTests.framework */ = {isa = PBXFileReference; explicitFileType = wrapper.framework; includeInIndex = 0; path = Pods_TeamERP_DEMOTests.framework; sourceTree = BUILT_PRODUCTS_DIR; };
/* End PBXFileReference section */

/* Begin PBXFrameworksBuildPhase section */
		EA29F1081F20E90C0020AAF4 /* Frameworks */ = {
			isa = PBXFrameworksBuildPhase;
			buildActionMask = 2147483647;
			files = (
				6EA80D363E0D787844CC2F91 /* Pods_TeamERP_DEMO.framework in Frameworks */,
			);
			runOnlyForDeploymentPostprocessing = 0;
		};
		EA29F11C1F20E90C0020AAF4 /* Frameworks */ = {
			isa = PBXFrameworksBuildPhase;
			buildActionMask = 2147483647;
			files = (
				B3837503BC661CC5A8474B0E /* Pods_TeamERP_DEMOTests.framework in Frameworks */,
			);
			runOnlyForDeploymentPostprocessing = 0;
		};
		EA29F1271F20E90C0020AAF4 /* Frameworks */ = {
			isa = PBXFrameworksBuildPhase;
			buildActionMask = 2147483647;
			files = (
				3534F53169B07739102651E6 /* Pods_TeamERP_DEMOUITests.framework in Frameworks */,
			);
			runOnlyForDeploymentPostprocessing = 0;
		};
/* End PBXFrameworksBuildPhase section */

/* Begin PBXGroup section */
		41EE50866A042BFC00D16FD5 /* Frameworks */ = {
			isa = PBXGroup;
			children = (
				5467B9E46D93F6B761CAB3ED /* Pods_TeamERP_DEMO.framework */,
				FE748BC0736884F6389956A4 /* Pods_TeamERP_DEMOTests.framework */,
				F096D728216D83B9D03B315E /* Pods_TeamERP_DEMOUITests.framework */,
			);
			name = Frameworks;
			sourceTree = "<group>";
		};
		75548D67276E5395171F2446 /* Pods */ = {
			isa = PBXGroup;
			children = (
				86D6F7B619027555F1308A54 /* Pods-TeamERP_DEMO.debug.xcconfig */,
				C4F763504E2653CF4A945EAB /* Pods-TeamERP_DEMO.release.xcconfig */,
				15CD59EEDE4ED8D66E9D6B28 /* Pods-TeamERP_DEMOTests.debug.xcconfig */,
				DDC0320586FDD39E690DD049 /* Pods-TeamERP_DEMOTests.release.xcconfig */,
				1775C1D85B63E1BAA7945B7C /* Pods-TeamERP_DEMOUITests.debug.xcconfig */,
				9EB21AA5D50583B369346E8E /* Pods-TeamERP_DEMOUITests.release.xcconfig */,
			);
			name = Pods;
			sourceTree = "<group>";
		};
		EA1929C21F25B2EF00652A56 /* FrameViewButton */ = {
			isa = PBXGroup;
			children = (
				EA1929C31F25B32500652A56 /* ViewButton.swift */,
			);
			path = FrameViewButton;
			sourceTree = "<group>";
		};
		EA1929C91F25C53D00652A56 /* AccountsProfile */ = {
			isa = PBXGroup;
			children = (
				EA1929CA1F25C60000652A56 /* AccountManipulation.swift */,
				EA1929CB1F25C60000652A56 /* AccountManipulation.xib */,
			);
			path = AccountsProfile;
			sourceTree = "<group>";
		};
		EA1929CE1F25C86800652A56 /* ViewMains */ = {
			isa = PBXGroup;
			children = (
				EA1929CF1F25C88E00652A56 /* ViewMains.swift */,
			);
			path = ViewMains;
			sourceTree = "<group>";
		};
		EA1929D11F25DC6200652A56 /* Services */ = {
			isa = PBXGroup;
			children = (
				EA1929D21F25DC8D00652A56 /* Services.swift */,
				EA1929D31F25DC8D00652A56 /* ServicesConfig.swift */,
				EA1929D41F25DC8D00652A56 /* ServicesFunction.swift */,
			);
			path = Services;
			sourceTree = "<group>";
		};
		EA1929D81F25DF5B00652A56 /* Model */ = {
			isa = PBXGroup;
			children = (
				EA1929DB1F25DFA600652A56 /* Register */,
				EA1929D91F25DF8600652A56 /* Mi.swift */,
				EA1929DE1F25E07000652A56 /* ERequest.swift */,
			);
			path = Model;
			sourceTree = "<group>";
		};
		EA1929DB1F25DFA600652A56 /* Register */ = {
			isa = PBXGroup;
			children = (
				EA1929DC1F25E02500652A56 /* RegisterModel.swift */,
			);
			path = Register;
			sourceTree = "<group>";
		};
		EA29F1021F20E90C0020AAF4 = {
			isa = PBXGroup;
			children = (
				EA29F10D1F20E90C0020AAF4 /* TeamERP_DEMO */,
				EA29F1221F20E90C0020AAF4 /* TeamERP_DEMOTests */,
				EA29F12D1F20E90C0020AAF4 /* TeamERP_DEMOUITests */,
				EA29F10C1F20E90C0020AAF4 /* Products */,
				75548D67276E5395171F2446 /* Pods */,
				41EE50866A042BFC00D16FD5 /* Frameworks */,
			);
			sourceTree = "<group>";
		};
		EA29F10C1F20E90C0020AAF4 /* Products */ = {
			isa = PBXGroup;
			children = (
				EA29F10B1F20E90C0020AAF4 /* TeamERP_DEMO.app */,
				EA29F11F1F20E90C0020AAF4 /* TeamERP_DEMOTests.xctest */,
				EA29F12A1F20E90C0020AAF4 /* TeamERP_DEMOUITests.xctest */,
			);
			name = Products;
			sourceTree = "<group>";
		};
		EA29F10D1F20E90C0020AAF4 /* TeamERP_DEMO */ = {
			isa = PBXGroup;
			children = (
				EA2CB3BB1F2794A4001483B8 /* Utilities */,
				EA1929D81F25DF5B00652A56 /* Model */,
				EA1929D11F25DC6200652A56 /* Services */,
				EA29F1581F20FBD50020AAF4 /* Library */,
				EA29F1451F20EA730020AAF4 /* Views */,
				EA29F13C1F20E9360020AAF4 /* Controllers */,
				EA29F10E1F20E90C0020AAF4 /* AppDelegate.swift */,
				EA29F1101F20E90C0020AAF4 /* ViewController.swift */,
				EA29F1121F20E90C0020AAF4 /* Main.storyboard */,
				EA29F1151F20E90C0020AAF4 /* Assets.xcassets */,
				EA29F1171F20E90C0020AAF4 /* LaunchScreen.storyboard */,
				EA29F11A1F20E90C0020AAF4 /* Info.plist */,
			);
			path = TeamERP_DEMO;
			sourceTree = "<group>";
		};
		EA29F1221F20E90C0020AAF4 /* TeamERP_DEMOTests */ = {
			isa = PBXGroup;
			children = (
				EA29F1231F20E90C0020AAF4 /* TeamERP_DEMOTests.swift */,
				EA29F1251F20E90C0020AAF4 /* Info.plist */,
			);
			path = TeamERP_DEMOTests;
			sourceTree = "<group>";
		};
		EA29F12D1F20E90C0020AAF4 /* TeamERP_DEMOUITests */ = {
			isa = PBXGroup;
			children = (
				EA29F12E1F20E90C0020AAF4 /* TeamERP_DEMOUITests.swift */,
				EA29F1301F20E90C0020AAF4 /* Info.plist */,
			);
			path = TeamERP_DEMOUITests;
			sourceTree = "<group>";
		};
		EA29F13C1F20E9360020AAF4 /* Controllers */ = {
			isa = PBXGroup;
			children = (
				EA84639F1F2A4AC7009CA3F5 /* MainShop */,
				EA29F1531F20F79D0020AAF4 /* Account */,
				EA29F14B1F20ED1E0020AAF4 /* Login */,
				EA29F13E1F20E9D10020AAF4 /* MainControllers */,
				EA29F13D1F20E9AC0020AAF4 /* Register */,
			);
			path = Controllers;
			sourceTree = "<group>";
		};
		EA29F13D1F20E9AC0020AAF4 /* Register */ = {
			isa = PBXGroup;
			children = (
				EA29F1411F20EA400020AAF4 /* RegisterVC.swift */,
				EA29F1421F20EA400020AAF4 /* RegisterVC.xib */,
			);
			path = Register;
			sourceTree = "<group>";
		};
		EA29F13E1F20E9D10020AAF4 /* MainControllers */ = {
			isa = PBXGroup;
			children = (
				EA29F13F1F20EA160020AAF4 /* MainControllers.swift */,
			);
			path = MainControllers;
			sourceTree = "<group>";
		};
		EA29F1451F20EA730020AAF4 /* Views */ = {
			isa = PBXGroup;
			children = (
				EA8463AC1F2A4F9A009CA3F5 /* CustomviewCell */,
				EA2CB3B21F279119001483B8 /* PopupNotifi */,
				EA1929CE1F25C86800652A56 /* ViewMains */,
				EA29F1501F20F5490020AAF4 /* NCBaseView */,
				EA29F1461F20EA850020AAF4 /* TopView */,
			);
			path = Views;
			sourceTree = "<group>";
		};
		EA29F1461F20EA850020AAF4 /* TopView */ = {
			isa = PBXGroup;
			children = (
				EA29F1471F20EAC30020AAF4 /* TopView.swift */,
				EA29F1491F20EAD00020AAF4 /* TopView.xib */,
			);
			name = TopView;
			sourceTree = "<group>";
		};
		EA29F14B1F20ED1E0020AAF4 /* Login */ = {
			isa = PBXGroup;
			children = (
				EA29F14C1F20ED600020AAF4 /* LoginVC.swift */,
				EA29F14D1F20ED600020AAF4 /* LoginVC.xib */,
			);
			path = Login;
			sourceTree = "<group>";
		};
		EA29F1501F20F5490020AAF4 /* NCBaseView */ = {
			isa = PBXGroup;
			children = (
				EA29F1511F20F5490020AAF4 /* NCBaseView.swift */,
			);
			path = NCBaseView;
			sourceTree = "<group>";
		};
		EA29F1531F20F79D0020AAF4 /* Account */ = {
			isa = PBXGroup;
			children = (
				EA1929C91F25C53D00652A56 /* AccountsProfile */,
				EA1929C71F25C26900652A56 /* AcountsViewController.swift */,
			);
			path = Account;
			sourceTree = "<group>";
		};
		EA29F1581F20FBD50020AAF4 /* Library */ = {
			isa = PBXGroup;
			children = (
				EA929DF21F2A5907007CAE53 /* Extention */,
				EA929DEB1F2A5813007CAE53 /* Tabbar */,
				EA8463A71F2A4CAA009CA3F5 /* Extention+UITableView */,
				EA1929C21F25B2EF00652A56 /* FrameViewButton */,
			);
			path = Library;
			sourceTree = "<group>";
		};
		EA2CB3B21F279119001483B8 /* PopupNotifi */ = {
			isa = PBXGroup;
			children = (
				EA2CB3B71F27921C001483B8 /* PopupNotifi.swift */,
				EA2CB3B91F279246001483B8 /* PopupNotifi.xib */,
			);
			path = PopupNotifi;
			sourceTree = "<group>";
		};
		EA2CB3BB1F2794A4001483B8 /* Utilities */ = {
			isa = PBXGroup;
			children = (
				EA2CB3BD1F2794EA001483B8 /* KeyObject */,
			);
			path = Utilities;
			sourceTree = "<group>";
		};
		EA2CB3BD1F2794EA001483B8 /* KeyObject */ = {
			isa = PBXGroup;
			children = (
				EA2CB3BE1F279509001483B8 /* KeyObject.swift */,
			);
			path = KeyObject;
			sourceTree = "<group>";
		};
		EA84639F1F2A4AC7009CA3F5 /* MainShop */ = {
			isa = PBXGroup;
			children = (
				EA8463A21F2A4B2D009CA3F5 /* MainShopCell */,
				EA8463A01F2A4B00009CA3F5 /* MainShopViewController.swift */,
			);
			path = MainShop;
			sourceTree = "<group>";
		};
		EA8463A21F2A4B2D009CA3F5 /* MainShopCell */ = {
			isa = PBXGroup;
			children = (
				EA8463A31F2A4B53009CA3F5 /* MainShopCell.swift */,
				EA8463A41F2A4B53009CA3F5 /* MainShopCell.xib */,
			);
			path = MainShopCell;
			sourceTree = "<group>";
		};
		EA8463A71F2A4CAA009CA3F5 /* Extention+UITableView */ = {
			isa = PBXGroup;
			children = (
				EA8463AA1F2A4D18009CA3F5 /* Extention+UITableView.swift */,
			);
			name = "Extention+UITableView";
			sourceTree = "<group>";
		};
		EA8463AC1F2A4F9A009CA3F5 /* CustomviewCell */ = {
			isa = PBXGroup;
			children = (
				EA8463AD1F2A4FC6009CA3F5 /* CustomviewCell.swift */,
				EA8463AF1F2A4FCF009CA3F5 /* CustomviewCell.xib */,
			);
			path = CustomviewCell;
			sourceTree = "<group>";
		};
		EA929DEB1F2A5813007CAE53 /* Tabbar */ = {
			isa = PBXGroup;
			children = (
				EA929DEC1F2A5832007CAE53 /* TabCell.swift */,
				EA929DED1F2A5832007CAE53 /* TabIndicator.swift */,
				EA929DEE1F2A5832007CAE53 /* TabItem.swift */,
			);
			path = Tabbar;
			sourceTree = "<group>";
		};
		EA929DF21F2A5907007CAE53 /* Extention */ = {
			isa = PBXGroup;
			children = (
				EA929DF31F2A5921007CAE53 /* Extention+String */,
			);
			path = Extention;
			sourceTree = "<group>";
		};
		EA929DF31F2A5921007CAE53 /* Extention+String */ = {
			isa = PBXGroup;
			children = (
				EA929DF41F2A594B007CAE53 /* Extention+String.swift */,
			);
			path = "Extention+String";
			sourceTree = "<group>";
		};
/* End PBXGroup section */

/* Begin PBXNativeTarget section */
		EA29F10A1F20E90C0020AAF4 /* TeamERP_DEMO */ = {
			isa = PBXNativeTarget;
			buildConfigurationList = EA29F1331F20E90C0020AAF4 /* Build configuration list for PBXNativeTarget "TeamERP_DEMO" */;
			buildPhases = (
				C5F80E35906CE61FAA32686A /* [CP] Check Pods Manifest.lock */,
				EA29F1071F20E90C0020AAF4 /* Sources */,
				EA29F1081F20E90C0020AAF4 /* Frameworks */,
				EA29F1091F20E90C0020AAF4 /* Resources */,
				74004E8746B9E78641566058 /* [CP] Embed Pods Frameworks */,
				5B759886117D0D7B92622124 /* [CP] Copy Pods Resources */,
			);
			buildRules = (
			);
			dependencies = (
			);
			name = TeamERP_DEMO;
			productName = TeamERP_DEMO;
			productReference = EA29F10B1F20E90C0020AAF4 /* TeamERP_DEMO.app */;
			productType = "com.apple.product-type.application";
		};
		EA29F11E1F20E90C0020AAF4 /* TeamERP_DEMOTests */ = {
			isa = PBXNativeTarget;
			buildConfigurationList = EA29F1361F20E90C0020AAF4 /* Build configuration list for PBXNativeTarget "TeamERP_DEMOTests" */;
			buildPhases = (
				AFDB720644A3A30BFC3150F0 /* [CP] Check Pods Manifest.lock */,
				EA29F11B1F20E90C0020AAF4 /* Sources */,
				EA29F11C1F20E90C0020AAF4 /* Frameworks */,
				EA29F11D1F20E90C0020AAF4 /* Resources */,
				87B19125A1EA2FA7FB39F7AC /* [CP] Embed Pods Frameworks */,
				DEC9770B72DFD4CE98FE384A /* [CP] Copy Pods Resources */,
			);
			buildRules = (
			);
			dependencies = (
				EA29F1211F20E90C0020AAF4 /* PBXTargetDependency */,
			);
			name = TeamERP_DEMOTests;
			productName = TeamERP_DEMOTests;
			productReference = EA29F11F1F20E90C0020AAF4 /* TeamERP_DEMOTests.xctest */;
			productType = "com.apple.product-type.bundle.unit-test";
		};
		EA29F1291F20E90C0020AAF4 /* TeamERP_DEMOUITests */ = {
			isa = PBXNativeTarget;
			buildConfigurationList = EA29F1391F20E90C0020AAF4 /* Build configuration list for PBXNativeTarget "TeamERP_DEMOUITests" */;
			buildPhases = (
				9E0A863FED93BCAFF568AA25 /* [CP] Check Pods Manifest.lock */,
				EA29F1261F20E90C0020AAF4 /* Sources */,
				EA29F1271F20E90C0020AAF4 /* Frameworks */,
				EA29F1281F20E90C0020AAF4 /* Resources */,
				03FDE05BA3C31C8637B92B93 /* [CP] Embed Pods Frameworks */,
				105393E5E104DF5C4CCFA672 /* [CP] Copy Pods Resources */,
			);
			buildRules = (
			);
			dependencies = (
				EA29F12C1F20E90C0020AAF4 /* PBXTargetDependency */,
			);
			name = TeamERP_DEMOUITests;
			productName = TeamERP_DEMOUITests;
			productReference = EA29F12A1F20E90C0020AAF4 /* TeamERP_DEMOUITests.xctest */;
			productType = "com.apple.product-type.bundle.ui-testing";
		};
/* End PBXNativeTarget section */

/* Begin PBXProject section */
		EA29F1031F20E90C0020AAF4 /* Project object */ = {
			isa = PBXProject;
			attributes = {
				LastSwiftUpdateCheck = 0830;
				LastUpgradeCheck = 0830;
				ORGANIZATIONNAME = thanhnm_dev91;
				TargetAttributes = {
					EA29F10A1F20E90C0020AAF4 = {
						CreatedOnToolsVersion = 8.3;
						DevelopmentTeam = TSTXF4N63V;
						ProvisioningStyle = Automatic;
					};
					EA29F11E1F20E90C0020AAF4 = {
						CreatedOnToolsVersion = 8.3;
						ProvisioningStyle = Automatic;
						TestTargetID = EA29F10A1F20E90C0020AAF4;
					};
					EA29F1291F20E90C0020AAF4 = {
						CreatedOnToolsVersion = 8.3;
						ProvisioningStyle = Automatic;
						TestTargetID = EA29F10A1F20E90C0020AAF4;
					};
				};
			};
			buildConfigurationList = EA29F1061F20E90C0020AAF4 /* Build configuration list for PBXProject "TeamERP_DEMO" */;
			compatibilityVersion = "Xcode 3.2";
			developmentRegion = English;
			hasScannedForEncodings = 0;
			knownRegions = (
				en,
				Base,
			);
			mainGroup = EA29F1021F20E90C0020AAF4;
			productRefGroup = EA29F10C1F20E90C0020AAF4 /* Products */;
			projectDirPath = "";
			projectRoot = "";
			targets = (
				EA29F10A1F20E90C0020AAF4 /* TeamERP_DEMO */,
				EA29F11E1F20E90C0020AAF4 /* TeamERP_DEMOTests */,
				EA29F1291F20E90C0020AAF4 /* TeamERP_DEMOUITests */,
			);
		};
/* End PBXProject section */

/* Begin PBXResourcesBuildPhase section */
		EA29F1091F20E90C0020AAF4 /* Resources */ = {
			isa = PBXResourcesBuildPhase;
			buildActionMask = 2147483647;
			files = (
				EA29F14F1F20ED600020AAF4 /* LoginVC.xib in Resources */,
				EA8463B01F2A4FCF009CA3F5 /* CustomviewCell.xib in Resources */,
				EA29F1191F20E90C0020AAF4 /* LaunchScreen.storyboard in Resources */,
				EA29F14A1F20EAD00020AAF4 /* TopView.xib in Resources */,
				EA29F1441F20EA400020AAF4 /* RegisterVC.xib in Resources */,
				EA29F1161F20E90C0020AAF4 /* Assets.xcassets in Resources */,
				EA2CB3BA1F279246001483B8 /* PopupNotifi.xib in Resources */,
				EA8463A61F2A4B53009CA3F5 /* MainShopCell.xib in Resources */,
				EA29F1141F20E90C0020AAF4 /* Main.storyboard in Resources */,
				EA1929CD1F25C60000652A56 /* AccountManipulation.xib in Resources */,
			);
			runOnlyForDeploymentPostprocessing = 0;
		};
		EA29F11D1F20E90C0020AAF4 /* Resources */ = {
			isa = PBXResourcesBuildPhase;
			buildActionMask = 2147483647;
			files = (
			);
			runOnlyForDeploymentPostprocessing = 0;
		};
		EA29F1281F20E90C0020AAF4 /* Resources */ = {
			isa = PBXResourcesBuildPhase;
			buildActionMask = 2147483647;
			files = (
			);
			runOnlyForDeploymentPostprocessing = 0;
		};
/* End PBXResourcesBuildPhase section */

/* Begin PBXShellScriptBuildPhase section */
		03FDE05BA3C31C8637B92B93 /* [CP] Embed Pods Frameworks */ = {
			isa = PBXShellScriptBuildPhase;
			buildActionMask = 2147483647;
			files = (
			);
			inputPaths = (
			);
			name = "[CP] Embed Pods Frameworks";
			outputPaths = (
			);
			runOnlyForDeploymentPostprocessing = 0;
			shellPath = /bin/sh;
			shellScript = "\"${SRCROOT}/Pods/Target Support Files/Pods-TeamERP_DEMOUITests/Pods-TeamERP_DEMOUITests-frameworks.sh\"\n";
			showEnvVarsInLog = 0;
		};
		105393E5E104DF5C4CCFA672 /* [CP] Copy Pods Resources */ = {
			isa = PBXShellScriptBuildPhase;
			buildActionMask = 2147483647;
			files = (
			);
			inputPaths = (
			);
			name = "[CP] Copy Pods Resources";
			outputPaths = (
			);
			runOnlyForDeploymentPostprocessing = 0;
			shellPath = /bin/sh;
			shellScript = "\"${SRCROOT}/Pods/Target Support Files/Pods-TeamERP_DEMOUITests/Pods-TeamERP_DEMOUITests-resources.sh\"\n";
			showEnvVarsInLog = 0;
		};
		5B759886117D0D7B92622124 /* [CP] Copy Pods Resources */ = {
			isa = PBXShellScriptBuildPhase;
			buildActionMask = 2147483647;
			files = (
			);
			inputPaths = (
			);
			name = "[CP] Copy Pods Resources";
			outputPaths = (
			);
			runOnlyForDeploymentPostprocessing = 0;
			shellPath = /bin/sh;
			shellScript = "\"${SRCROOT}/Pods/Target Support Files/Pods-TeamERP_DEMO/Pods-TeamERP_DEMO-resources.sh\"\n";
			showEnvVarsInLog = 0;
		};
		74004E8746B9E78641566058 /* [CP] Embed Pods Frameworks */ = {
			isa = PBXShellScriptBuildPhase;
			buildActionMask = 2147483647;
			files = (
			);
			inputPaths = (
			);
			name = "[CP] Embed Pods Frameworks";
			outputPaths = (
			);
			runOnlyForDeploymentPostprocessing = 0;
			shellPath = /bin/sh;
			shellScript = "\"${SRCROOT}/Pods/Target Support Files/Pods-TeamERP_DEMO/Pods-TeamERP_DEMO-frameworks.sh\"\n";
			showEnvVarsInLog = 0;
		};
		87B19125A1EA2FA7FB39F7AC /* [CP] Embed Pods Frameworks */ = {
			isa = PBXShellScriptBuildPhase;
			buildActionMask = 2147483647;
			files = (
			);
			inputPaths = (
			);
			name = "[CP] Embed Pods Frameworks";
			outputPaths = (
			);
			runOnlyForDeploymentPostprocessing = 0;
			shellPath = /bin/sh;
			shellScript = "\"${SRCROOT}/Pods/Target Support Files/Pods-TeamERP_DEMOTests/Pods-TeamERP_DEMOTests-frameworks.sh\"\n";
			showEnvVarsInLog = 0;
		};
		9E0A863FED93BCAFF568AA25 /* [CP] Check Pods Manifest.lock */ = {
			isa = PBXShellScriptBuildPhase;
			buildActionMask = 2147483647;
			files = (
			);
			inputPaths = (
			);
			name = "[CP] Check Pods Manifest.lock";
			outputPaths = (
			);
			runOnlyForDeploymentPostprocessing = 0;
			shellPath = /bin/sh;
			shellScript = "diff \"${PODS_PODFILE_DIR_PATH}/Podfile.lock\" \"${PODS_ROOT}/Manifest.lock\" > /dev/null\nif [ $? != 0 ] ; then\n    # print error to STDERR\n    echo \"error: The sandbox is not in sync with the Podfile.lock. Run 'pod install' or update your CocoaPods installation.\" >&2\n    exit 1\nfi\n";
			showEnvVarsInLog = 0;
		};
		AFDB720644A3A30BFC3150F0 /* [CP] Check Pods Manifest.lock */ = {
			isa = PBXShellScriptBuildPhase;
			buildActionMask = 2147483647;
			files = (
			);
			inputPaths = (
			);
			name = "[CP] Check Pods Manifest.lock";
			outputPaths = (
			);
			runOnlyForDeploymentPostprocessing = 0;
			shellPath = /bin/sh;
			shellScript = "diff \"${PODS_PODFILE_DIR_PATH}/Podfile.lock\" \"${PODS_ROOT}/Manifest.lock\" > /dev/null\nif [ $? != 0 ] ; then\n    # print error to STDERR\n    echo \"error: The sandbox is not in sync with the Podfile.lock. Run 'pod install' or update your CocoaPods installation.\" >&2\n    exit 1\nfi\n";
			showEnvVarsInLog = 0;
		};
		C5F80E35906CE61FAA32686A /* [CP] Check Pods Manifest.lock */ = {
			isa = PBXShellScriptBuildPhase;
			buildActionMask = 2147483647;
			files = (
			);
			inputPaths = (
			);
			name = "[CP] Check Pods Manifest.lock";
			outputPaths = (
			);
			runOnlyForDeploymentPostprocessing = 0;
			shellPath = /bin/sh;
			shellScript = "diff \"${PODS_PODFILE_DIR_PATH}/Podfile.lock\" \"${PODS_ROOT}/Manifest.lock\" > /dev/null\nif [ $? != 0 ] ; then\n    # print error to STDERR\n    echo \"error: The sandbox is not in sync with the Podfile.lock. Run 'pod install' or update your CocoaPods installation.\" >&2\n    exit 1\nfi\n";
			showEnvVarsInLog = 0;
		};
		DEC9770B72DFD4CE98FE384A /* [CP] Copy Pods Resources */ = {
			isa = PBXShellScriptBuildPhase;
			buildActionMask = 2147483647;
			files = (
			);
			inputPaths = (
			);
			name = "[CP] Copy Pods Resources";
			outputPaths = (
			);
			runOnlyForDeploymentPostprocessing = 0;
			shellPath = /bin/sh;
			shellScript = "\"${SRCROOT}/Pods/Target Support Files/Pods-TeamERP_DEMOTests/Pods-TeamERP_DEMOTests-resources.sh\"\n";
			showEnvVarsInLog = 0;
		};
/* End PBXShellScriptBuildPhase section */

/* Begin PBXSourcesBuildPhase section */
		EA29F1071F20E90C0020AAF4 /* Sources */ = {
			isa = PBXSourcesBuildPhase;
			buildActionMask = 2147483647;
			files = (
				EA29F1401F20EA160020AAF4 /* MainControllers.swift in Sources */,
				EA8463A11F2A4B00009CA3F5 /* MainShopViewController.swift in Sources */,
				EA1929D51F25DC8D00652A56 /* Services.swift in Sources */,
				EA1929D01F25C88E00652A56 /* ViewMains.swift in Sources */,
				EA1929C81F25C26900652A56 /* AcountsViewController.swift in Sources */,
				EA1929DD1F25E02500652A56 /* RegisterModel.swift in Sources */,
				EA929DF11F2A5832007CAE53 /* TabItem.swift in Sources */,
				EA29F1481F20EAC30020AAF4 /* TopView.swift in Sources */,
				EA1929C41F25B32500652A56 /* ViewButton.swift in Sources */,
				EA29F14E1F20ED600020AAF4 /* LoginVC.swift in Sources */,
				EA29F1431F20EA400020AAF4 /* RegisterVC.swift in Sources */,
				EA8463A51F2A4B53009CA3F5 /* MainShopCell.swift in Sources */,
				EA1929DA1F25DF8600652A56 /* Mi.swift in Sources */,
				EA29F1111F20E90C0020AAF4 /* ViewController.swift in Sources */,
				EA2CB3B81F27921C001483B8 /* PopupNotifi.swift in Sources */,
				EA29F10F1F20E90C0020AAF4 /* AppDelegate.swift in Sources */,
				EA1929DF1F25E07000652A56 /* ERequest.swift in Sources */,
				EA2CB3BF1F279509001483B8 /* KeyObject.swift in Sources */,
				EA1929D61F25DC8D00652A56 /* ServicesConfig.swift in Sources */,
				EA8463AB1F2A4D18009CA3F5 /* Extention+UITableView.swift in Sources */,
				EA929DF51F2A594B007CAE53 /* Extention+String.swift in Sources */,
				EA929DF01F2A5832007CAE53 /* TabIndicator.swift in Sources */,
				EA8463AE1F2A4FC6009CA3F5 /* CustomviewCell.swift in Sources */,
				EA1929D71F25DC8D00652A56 /* ServicesFunction.swift in Sources */,
				EA1929CC1F25C60000652A56 /* AccountManipulation.swift in Sources */,
				EA29F1521F20F5490020AAF4 /* NCBaseView.swift in Sources */,
				EA929DEF1F2A5832007CAE53 /* TabCell.swift in Sources */,
			);
			runOnlyForDeploymentPostprocessing = 0;
		};
		EA29F11B1F20E90C0020AAF4 /* Sources */ = {
			isa = PBXSourcesBuildPhase;
			buildActionMask = 2147483647;
			files = (
				EA29F1241F20E90C0020AAF4 /* TeamERP_DEMOTests.swift in Sources */,
			);
			runOnlyForDeploymentPostprocessing = 0;
		};
		EA29F1261F20E90C0020AAF4 /* Sources */ = {
			isa = PBXSourcesBuildPhase;
			buildActionMask = 2147483647;
			files = (
				EA29F12F1F20E90C0020AAF4 /* TeamERP_DEMOUITests.swift in Sources */,
			);
			runOnlyForDeploymentPostprocessing = 0;
		};
/* End PBXSourcesBuildPhase section */

/* Begin PBXTargetDependency section */
		EA29F1211F20E90C0020AAF4 /* PBXTargetDependency */ = {
			isa = PBXTargetDependency;
			target = EA29F10A1F20E90C0020AAF4 /* TeamERP_DEMO */;
			targetProxy = EA29F1201F20E90C0020AAF4 /* PBXContainerItemProxy */;
		};
		EA29F12C1F20E90C0020AAF4 /* PBXTargetDependency */ = {
			isa = PBXTargetDependency;
			target = EA29F10A1F20E90C0020AAF4 /* TeamERP_DEMO */;
			targetProxy = EA29F12B1F20E90C0020AAF4 /* PBXContainerItemProxy */;
		};
/* End PBXTargetDependency section */

/* Begin PBXVariantGroup section */
		EA29F1121F20E90C0020AAF4 /* Main.storyboard */ = {
			isa = PBXVariantGroup;
			children = (
				EA29F1131F20E90C0020AAF4 /* Base */,
			);
			name = Main.storyboard;
			sourceTree = "<group>";
		};
		EA29F1171F20E90C0020AAF4 /* LaunchScreen.storyboard */ = {
			isa = PBXVariantGroup;
			children = (
				EA29F1181F20E90C0020AAF4 /* Base */,
			);
			name = LaunchScreen.storyboard;
			sourceTree = "<group>";
		};
/* End PBXVariantGroup section */

/* Begin XCBuildConfiguration section */
		EA29F1311F20E90C0020AAF4 /* Debug */ = {
			isa = XCBuildConfiguration;
			buildSettings = {
				ALWAYS_SEARCH_USER_PATHS = NO;
				CLANG_ANALYZER_NONNULL = YES;
				CLANG_ANALYZER_NUMBER_OBJECT_CONVERSION = YES_AGGRESSIVE;
				CLANG_CXX_LANGUAGE_STANDARD = "gnu++0x";
				CLANG_CXX_LIBRARY = "libc++";
				CLANG_ENABLE_MODULES = YES;
				CLANG_ENABLE_OBJC_ARC = YES;
				CLANG_WARN_BOOL_CONVERSION = YES;
				CLANG_WARN_CONSTANT_CONVERSION = YES;
				CLANG_WARN_DIRECT_OBJC_ISA_USAGE = YES_ERROR;
				CLANG_WARN_DOCUMENTATION_COMMENTS = YES;
				CLANG_WARN_EMPTY_BODY = YES;
				CLANG_WARN_ENUM_CONVERSION = YES;
				CLANG_WARN_INFINITE_RECURSION = YES;
				CLANG_WARN_INT_CONVERSION = YES;
				CLANG_WARN_OBJC_ROOT_CLASS = YES_ERROR;
				CLANG_WARN_SUSPICIOUS_MOVE = YES;
				CLANG_WARN_UNREACHABLE_CODE = YES;
				CLANG_WARN__DUPLICATE_METHOD_MATCH = YES;
				"CODE_SIGN_IDENTITY[sdk=iphoneos*]" = "iPhone Developer";
				COPY_PHASE_STRIP = NO;
				DEBUG_INFORMATION_FORMAT = dwarf;
				ENABLE_STRICT_OBJC_MSGSEND = YES;
				ENABLE_TESTABILITY = YES;
				GCC_C_LANGUAGE_STANDARD = gnu99;
				GCC_DYNAMIC_NO_PIC = NO;
				GCC_NO_COMMON_BLOCKS = YES;
				GCC_OPTIMIZATION_LEVEL = 0;
				GCC_PREPROCESSOR_DEFINITIONS = (
					"DEBUG=1",
					"$(inherited)",
				);
				GCC_WARN_64_TO_32_BIT_CONVERSION = YES;
				GCC_WARN_ABOUT_RETURN_TYPE = YES_ERROR;
				GCC_WARN_UNDECLARED_SELECTOR = YES;
				GCC_WARN_UNINITIALIZED_AUTOS = YES_AGGRESSIVE;
				GCC_WARN_UNUSED_FUNCTION = YES;
				GCC_WARN_UNUSED_VARIABLE = YES;
				IPHONEOS_DEPLOYMENT_TARGET = 10.3;
				MTL_ENABLE_DEBUG_INFO = YES;
				ONLY_ACTIVE_ARCH = YES;
				SDKROOT = iphoneos;
				SWIFT_ACTIVE_COMPILATION_CONDITIONS = DEBUG;
				SWIFT_OPTIMIZATION_LEVEL = "-Onone";
			};
			name = Debug;
		};
		EA29F1321F20E90C0020AAF4 /* Release */ = {
			isa = XCBuildConfiguration;
			buildSettings = {
				ALWAYS_SEARCH_USER_PATHS = NO;
				CLANG_ANALYZER_NONNULL = YES;
				CLANG_ANALYZER_NUMBER_OBJECT_CONVERSION = YES_AGGRESSIVE;
				CLANG_CXX_LANGUAGE_STANDARD = "gnu++0x";
				CLANG_CXX_LIBRARY = "libc++";
				CLANG_ENABLE_MODULES = YES;
				CLANG_ENABLE_OBJC_ARC = YES;
				CLANG_WARN_BOOL_CONVERSION = YES;
				CLANG_WARN_CONSTANT_CONVERSION = YES;
				CLANG_WARN_DIRECT_OBJC_ISA_USAGE = YES_ERROR;
				CLANG_WARN_DOCUMENTATION_COMMENTS = YES;
				CLANG_WARN_EMPTY_BODY = YES;
				CLANG_WARN_ENUM_CONVERSION = YES;
				CLANG_WARN_INFINITE_RECURSION = YES;
				CLANG_WARN_INT_CONVERSION = YES;
				CLANG_WARN_OBJC_ROOT_CLASS = YES_ERROR;
				CLANG_WARN_SUSPICIOUS_MOVE = YES;
				CLANG_WARN_UNREACHABLE_CODE = YES;
				CLANG_WARN__DUPLICATE_METHOD_MATCH = YES;
				"CODE_SIGN_IDENTITY[sdk=iphoneos*]" = "iPhone Developer";
				COPY_PHASE_STRIP = NO;
				DEBUG_INFORMATION_FORMAT = "dwarf-with-dsym";
				ENABLE_NS_ASSERTIONS = NO;
				ENABLE_STRICT_OBJC_MSGSEND = YES;
				GCC_C_LANGUAGE_STANDARD = gnu99;
				GCC_NO_COMMON_BLOCKS = YES;
				GCC_WARN_64_TO_32_BIT_CONVERSION = YES;
				GCC_WARN_ABOUT_RETURN_TYPE = YES_ERROR;
				GCC_WARN_UNDECLARED_SELECTOR = YES;
				GCC_WARN_UNINITIALIZED_AUTOS = YES_AGGRESSIVE;
				GCC_WARN_UNUSED_FUNCTION = YES;
				GCC_WARN_UNUSED_VARIABLE = YES;
				IPHONEOS_DEPLOYMENT_TARGET = 10.3;
				MTL_ENABLE_DEBUG_INFO = NO;
				SDKROOT = iphoneos;
				SWIFT_OPTIMIZATION_LEVEL = "-Owholemodule";
				VALIDATE_PRODUCT = YES;
			};
			name = Release;
		};
		EA29F1341F20E90C0020AAF4 /* Debug */ = {
			isa = XCBuildConfiguration;
			baseConfigurationReference = 86D6F7B619027555F1308A54 /* Pods-TeamERP_DEMO.debug.xcconfig */;
			buildSettings = {
				ASSETCATALOG_COMPILER_APPICON_NAME = AppIcon;
				"CODE_SIGN_IDENTITY[sdk=iphoneos*]" = "iPhone Developer";
				DEVELOPMENT_TEAM = TSTXF4N63V;
				INFOPLIST_FILE = TeamERP_DEMO/Info.plist;
				LD_RUNPATH_SEARCH_PATHS = "$(inherited) @executable_path/Frameworks";
				PRODUCT_BUNDLE_IDENTIFIER = "com.team.startup.TeamERP-DEMO";
				PRODUCT_NAME = "$(TARGET_NAME)";
				PROVISIONING_PROFILE = "";
				PROVISIONING_PROFILE_SPECIFIER = "";
				SWIFT_VERSION = 3.0;
			};
			name = Debug;
		};
		EA29F1351F20E90C0020AAF4 /* Release */ = {
			isa = XCBuildConfiguration;
			baseConfigurationReference = C4F763504E2653CF4A945EAB /* Pods-TeamERP_DEMO.release.xcconfig */;
			buildSettings = {
				ASSETCATALOG_COMPILER_APPICON_NAME = AppIcon;
				"CODE_SIGN_IDENTITY[sdk=iphoneos*]" = "iPhone Developer";
				DEVELOPMENT_TEAM = TSTXF4N63V;
				INFOPLIST_FILE = TeamERP_DEMO/Info.plist;
				LD_RUNPATH_SEARCH_PATHS = "$(inherited) @executable_path/Frameworks";
				PRODUCT_BUNDLE_IDENTIFIER = "com.team.startup.TeamERP-DEMO";
				PRODUCT_NAME = "$(TARGET_NAME)";
				PROVISIONING_PROFILE_SPECIFIER = "";
				SWIFT_VERSION = 3.0;
			};
			name = Release;
		};
		EA29F1371F20E90C0020AAF4 /* Debug */ = {
			isa = XCBuildConfiguration;
			baseConfigurationReference = 15CD59EEDE4ED8D66E9D6B28 /* Pods-TeamERP_DEMOTests.debug.xcconfig */;
			buildSettings = {
				ALWAYS_EMBED_SWIFT_STANDARD_LIBRARIES = YES;
				BUNDLE_LOADER = "$(TEST_HOST)";
				INFOPLIST_FILE = TeamERP_DEMOTests/Info.plist;
				LD_RUNPATH_SEARCH_PATHS = "$(inherited) @executable_path/Frameworks @loader_path/Frameworks";
				PRODUCT_BUNDLE_IDENTIFIER = "com.team.startup.TeamERP-DEMOTests";
				PRODUCT_NAME = "$(TARGET_NAME)";
				SWIFT_VERSION = 3.0;
				TEST_HOST = "$(BUILT_PRODUCTS_DIR)/TeamERP_DEMO.app/TeamERP_DEMO";
			};
			name = Debug;
		};
		EA29F1381F20E90C0020AAF4 /* Release */ = {
			isa = XCBuildConfiguration;
			baseConfigurationReference = DDC0320586FDD39E690DD049 /* Pods-TeamERP_DEMOTests.release.xcconfig */;
			buildSettings = {
				ALWAYS_EMBED_SWIFT_STANDARD_LIBRARIES = YES;
				BUNDLE_LOADER = "$(TEST_HOST)";
				INFOPLIST_FILE = TeamERP_DEMOTests/Info.plist;
				LD_RUNPATH_SEARCH_PATHS = "$(inherited) @executable_path/Frameworks @loader_path/Frameworks";
				PRODUCT_BUNDLE_IDENTIFIER = "com.team.startup.TeamERP-DEMOTests";
				PRODUCT_NAME = "$(TARGET_NAME)";
				SWIFT_VERSION = 3.0;
				TEST_HOST = "$(BUILT_PRODUCTS_DIR)/TeamERP_DEMO.app/TeamERP_DEMO";
			};
			name = Release;
		};
		EA29F13A1F20E90C0020AAF4 /* Debug */ = {
			isa = XCBuildConfiguration;
			baseConfigurationReference = 1775C1D85B63E1BAA7945B7C /* Pods-TeamERP_DEMOUITests.debug.xcconfig */;
			buildSettings = {
				ALWAYS_EMBED_SWIFT_STANDARD_LIBRARIES = YES;
				INFOPLIST_FILE = TeamERP_DEMOUITests/Info.plist;
				LD_RUNPATH_SEARCH_PATHS = "$(inherited) @executable_path/Frameworks @loader_path/Frameworks";
				PRODUCT_BUNDLE_IDENTIFIER = "com.team.startup.TeamERP-DEMOUITests";
				PRODUCT_NAME = "$(TARGET_NAME)";
				SWIFT_VERSION = 3.0;
				TEST_TARGET_NAME = TeamERP_DEMO;
			};
			name = Debug;
		};
		EA29F13B1F20E90C0020AAF4 /* Release */ = {
			isa = XCBuildConfiguration;
			baseConfigurationReference = 9EB21AA5D50583B369346E8E /* Pods-TeamERP_DEMOUITests.release.xcconfig */;
			buildSettings = {
				ALWAYS_EMBED_SWIFT_STANDARD_LIBRARIES = YES;
				INFOPLIST_FILE = TeamERP_DEMOUITests/Info.plist;
				LD_RUNPATH_SEARCH_PATHS = "$(inherited) @executable_path/Frameworks @loader_path/Frameworks";
				PRODUCT_BUNDLE_IDENTIFIER = "com.team.startup.TeamERP-DEMOUITests";
				PRODUCT_NAME = "$(TARGET_NAME)";
				SWIFT_VERSION = 3.0;
				TEST_TARGET_NAME = TeamERP_DEMO;
			};
			name = Release;
		};
/* End XCBuildConfiguration section */

/* Begin XCConfigurationList section */
		EA29F1061F20E90C0020AAF4 /* Build configuration list for PBXProject "TeamERP_DEMO" */ = {
			isa = XCConfigurationList;
			buildConfigurations = (
				EA29F1311F20E90C0020AAF4 /* Debug */,
				EA29F1321F20E90C0020AAF4 /* Release */,
			);
			defaultConfigurationIsVisible = 0;
			defaultConfigurationName = Release;
		};
		EA29F1331F20E90C0020AAF4 /* Build configuration list for PBXNativeTarget "TeamERP_DEMO" */ = {
			isa = XCConfigurationList;
			buildConfigurations = (
				EA29F1341F20E90C0020AAF4 /* Debug */,
				EA29F1351F20E90C0020AAF4 /* Release */,
			);
			defaultConfigurationIsVisible = 0;
			defaultConfigurationName = Release;
		};
		EA29F1361F20E90C0020AAF4 /* Build configuration list for PBXNativeTarget "TeamERP_DEMOTests" */ = {
			isa = XCConfigurationList;
			buildConfigurations = (
				EA29F1371F20E90C0020AAF4 /* Debug */,
				EA29F1381F20E90C0020AAF4 /* Release */,
			);
			defaultConfigurationIsVisible = 0;
			defaultConfigurationName = Release;
		};
		EA29F1391F20E90C0020AAF4 /* Build configuration list for PBXNativeTarget "TeamERP_DEMOUITests" */ = {
			isa = XCConfigurationList;
			buildConfigurations = (
				EA29F13A1F20E90C0020AAF4 /* Debug */,
				EA29F13B1F20E90C0020AAF4 /* Release */,
			);
			defaultConfigurationIsVisible = 0;
			defaultConfigurationName = Release;
		};
/* End XCConfigurationList section */
	};
	rootObject = EA29F1031F20E90C0020AAF4 /* Project object */;
}
