PODS:
  - Alamofire (4.5.0)
  - DTTextField (0.2.5)
  - MBProgressHUD (1.0.0)
  - Pageboy (1.3.3)
  - PGTabBar (0.2.3)
  - PureLayout (3.0.2)
  - Tabman (0.7.3):
    - Pageboy (~> 1.3.0)
    - PureLayout (~> 3.0.0)

DEPENDENCIES:
  - Alamofire
  - DTTextField
  - MBProgressHUD
  - PGTabBar
  - Tabman

SPEC CHECKSUMS:
  Alamofire: f28cdffd29de33a7bfa022cbd63ae95a27fae140
  DTTextField: 6f6c9875557c3db750971df436eb10b37c5df347
  MBProgressHUD: 4890f671c94e8a0f3cf959aa731e9de2f036d71a
  Pageboy: 35efa6ddf10740eff76839116435cad7ea5e9e04
  PGTabBar: 59e34762f99c11929a47c7743cd86fdf28a4a7f8
  PureLayout: 4d550abe49a94f24c2808b9b95db9131685fe4cd
  Tabman: 51e0ec20e02e854efebfbd4b517b5b0320195015

PODFILE CHECKSUM: 25ec6419ea007f51e5de5a3fc1b39e590328366f

COCOAPODS: 1.2.1
